
Microsoft Visual Studio Solution File, Format Version 12.00
# Visual Studio Version 17
VisualStudioVersion = 17.4.33110.190
MinimumVisualStudioVersion = 10.0.40219.1
Project("{FAE04EC0-301F-11D3-BF4B-00C04F79EFBC}") = "MyPaintApp", "MyPaintApp\MyPaintApp.csproj", "{12149273-A6B3-4807-9AA1-390DB0BED4C8}"
EndProject
Global
	GlobalSection(SolutionConfigurationPlatforms) = preSolution
		Debug|Any CPU = Debug|Any CPU
		Release|Any CPU = Release|Any CPU
	EndGlobalSection
	GlobalSection(ProjectConfigurationPlatforms) = postSolution
		{12149273-A6B3-4807-9AA1-390DB0BED4C8}.Debug|Any CPU.ActiveCfg = Debug|Any CPU
		{12149273-A6B3-4807-9AA1-390DB0BED4C8}.Debug|Any CPU.Build.0 = Debug|Any CPU
		{12149273-A6B3-4807-9AA1-390DB0BED4C8}.Release|Any CPU.ActiveCfg = Release|Any CPU
		{12149273-A6B3-4807-9AA1-390DB0BED4C8}.Release|Any CPU.Build.0 = Release|Any CPU
	EndGlobalSection
	GlobalSection(SolutionProperties) = preSolution
		HideSolutionNode = FALSE
	EndGlobalSection
	GlobalSection(ExtensibilityGlobals) = postSolution
		SolutionGuid = {A4019613-B448-47C0-ACE5-A069490EF708}
	EndGlobalSection
EndGlobal
